{
  "object": {
    "pins": [
      {
        "package": "Progress",
        "repositoryURL": "https://github.com/jkandzi/Progress.swift",
        "state": {
          "branch": null,
          "revision": "fed6598735d7982058690acf8f52a0a5fdaeb3e0",
          "version": "0.4.0"
        }
      },
      {
        "package": "swift-argument-parser",
        "repositoryURL": "https://github.com/apple/swift-argument-parser",
        "state": {
          "branch": null,
          "revision": "6b2aa2748a7881eebb9f84fb10c01293e15b52ca",
          "version": "0.5.0"
        }
      }
    ]
  },
  "version": 1
}
